
Microsoft Visual Studio Solution File, Format Version 12.00
# Visual Studio Version 16
VisualStudioVersion = 16.0.30611.23
MinimumVisualStudioVersion = 10.0.40219.1
Project("{FAE04EC0-301F-11D3-BF4B-00C04F79EFBC}") = "Pata_WCF", "Pata_WCF\Pata_WCF.csproj", "{7452A828-7FEC-4547-9B9F-D61B2BB355C6}"
EndProject
Global
	GlobalSection(SolutionConfigurationPlatforms) = preSolution
		Debug|Any CPU = Debug|Any CPU
		Release|Any CPU = Release|Any CPU
	EndGlobalSection
	GlobalSection(ProjectConfigurationPlatforms) = postSolution
		{7452A828-7FEC-4547-9B9F-D61B2BB355C6}.Debug|Any CPU.ActiveCfg = Debug|Any CPU
		{7452A828-7FEC-4547-9B9F-D61B2BB355C6}.Debug|Any CPU.Build.0 = Debug|Any CPU
		{7452A828-7FEC-4547-9B9F-D61B2BB355C6}.Release|Any CPU.ActiveCfg = Release|Any CPU
		{7452A828-7FEC-4547-9B9F-D61B2BB355C6}.Release|Any CPU.Build.0 = Release|Any CPU
	EndGlobalSection
	GlobalSection(SolutionProperties) = preSolution
		HideSolutionNode = FALSE
	EndGlobalSection
	GlobalSection(ExtensibilityGlobals) = postSolution
		SolutionGuid = {CC1CA8C0-FDEE-4AA7-A98C-CF639A008805}
	EndGlobalSection
EndGlobal
